
Microsoft Visual Studio Solution File, Format Version 12.00
# Visual Studio Version 16
VisualStudioVersion = 16.0.30114.105
MinimumVisualStudioVersion = 10.0.40219.1
Project("{FAE04EC0-301F-11D3-BF4B-00C04F79EFBC}") = "EF-CoreDapperTuto.API", "EF-CoreDapperTuto.API\EF-CoreDapperTuto.API.csproj", "{78A6F6B0-505B-4246-8657-43241C85A39B}"
EndProject
Project("{FAE04EC0-301F-11D3-BF4B-00C04F79EFBC}") = "EF-CoreDapperTuto.Domain", "EF-CoreDapperTuto.Domain\EF-CoreDapperTuto.Domain.csproj", "{6E4DBCB7-F951-49AC-973F-F2BEAFEFBFB4}"
EndProject
Project("{FAE04EC0-301F-11D3-BF4B-00C04F79EFBC}") = "EF-CoreDapperTuto.Persistence", "EF-CoreDapperTuto.Persistence\EF-CoreDapperTuto.Persistence.csproj", "{79834263-6A5D-4858-96FC-3E98942C0F13}"
EndProject
Global
	GlobalSection(SolutionConfigurationPlatforms) = preSolution
		Debug|Any CPU = Debug|Any CPU
		Debug|x64 = Debug|x64
		Debug|x86 = Debug|x86
		Release|Any CPU = Release|Any CPU
		Release|x64 = Release|x64
		Release|x86 = Release|x86
	EndGlobalSection
	GlobalSection(SolutionProperties) = preSolution
		HideSolutionNode = FALSE
	EndGlobalSection
	GlobalSection(ProjectConfigurationPlatforms) = postSolution
		{78A6F6B0-505B-4246-8657-43241C85A39B}.Debug|Any CPU.ActiveCfg = Debug|Any CPU
		{78A6F6B0-505B-4246-8657-43241C85A39B}.Debug|Any CPU.Build.0 = Debug|Any CPU
		{78A6F6B0-505B-4246-8657-43241C85A39B}.Debug|x64.ActiveCfg = Debug|Any CPU
		{78A6F6B0-505B-4246-8657-43241C85A39B}.Debug|x64.Build.0 = Debug|Any CPU
		{78A6F6B0-505B-4246-8657-43241C85A39B}.Debug|x86.ActiveCfg = Debug|Any CPU
		{78A6F6B0-505B-4246-8657-43241C85A39B}.Debug|x86.Build.0 = Debug|Any CPU
		{78A6F6B0-505B-4246-8657-43241C85A39B}.Release|Any CPU.ActiveCfg = Release|Any CPU
		{78A6F6B0-505B-4246-8657-43241C85A39B}.Release|Any CPU.Build.0 = Release|Any CPU
		{78A6F6B0-505B-4246-8657-43241C85A39B}.Release|x64.ActiveCfg = Release|Any CPU
		{78A6F6B0-505B-4246-8657-43241C85A39B}.Release|x64.Build.0 = Release|Any CPU
		{78A6F6B0-505B-4246-8657-43241C85A39B}.Release|x86.ActiveCfg = Release|Any CPU
		{78A6F6B0-505B-4246-8657-43241C85A39B}.Release|x86.Build.0 = Release|Any CPU
		{6E4DBCB7-F951-49AC-973F-F2BEAFEFBFB4}.Debug|Any CPU.ActiveCfg = Debug|Any CPU
		{6E4DBCB7-F951-49AC-973F-F2BEAFEFBFB4}.Debug|Any CPU.Build.0 = Debug|Any CPU
		{6E4DBCB7-F951-49AC-973F-F2BEAFEFBFB4}.Debug|x64.ActiveCfg = Debug|Any CPU
		{6E4DBCB7-F951-49AC-973F-F2BEAFEFBFB4}.Debug|x64.Build.0 = Debug|Any CPU
		{6E4DBCB7-F951-49AC-973F-F2BEAFEFBFB4}.Debug|x86.ActiveCfg = Debug|Any CPU
		{6E4DBCB7-F951-49AC-973F-F2BEAFEFBFB4}.Debug|x86.Build.0 = Debug|Any CPU
		{6E4DBCB7-F951-49AC-973F-F2BEAFEFBFB4}.Release|Any CPU.ActiveCfg = Release|Any CPU
		{6E4DBCB7-F951-49AC-973F-F2BEAFEFBFB4}.Release|Any CPU.Build.0 = Release|Any CPU
		{6E4DBCB7-F951-49AC-973F-F2BEAFEFBFB4}.Release|x64.ActiveCfg = Release|Any CPU
		{6E4DBCB7-F951-49AC-973F-F2BEAFEFBFB4}.Release|x64.Build.0 = Release|Any CPU
		{6E4DBCB7-F951-49AC-973F-F2BEAFEFBFB4}.Release|x86.ActiveCfg = Release|Any CPU
		{6E4DBCB7-F951-49AC-973F-F2BEAFEFBFB4}.Release|x86.Build.0 = Release|Any CPU
		{79834263-6A5D-4858-96FC-3E98942C0F13}.Debug|Any CPU.ActiveCfg = Debug|Any CPU
		{79834263-6A5D-4858-96FC-3E98942C0F13}.Debug|Any CPU.Build.0 = Debug|Any CPU
		{79834263-6A5D-4858-96FC-3E98942C0F13}.Debug|x64.ActiveCfg = Debug|Any CPU
		{79834263-6A5D-4858-96FC-3E98942C0F13}.Debug|x64.Build.0 = Debug|Any CPU
		{79834263-6A5D-4858-96FC-3E98942C0F13}.Debug|x86.ActiveCfg = Debug|Any CPU
		{79834263-6A5D-4858-96FC-3E98942C0F13}.Debug|x86.Build.0 = Debug|Any CPU
		{79834263-6A5D-4858-96FC-3E98942C0F13}.Release|Any CPU.ActiveCfg = Release|Any CPU
		{79834263-6A5D-4858-96FC-3E98942C0F13}.Release|Any CPU.Build.0 = Release|Any CPU
		{79834263-6A5D-4858-96FC-3E98942C0F13}.Release|x64.ActiveCfg = Release|Any CPU
		{79834263-6A5D-4858-96FC-3E98942C0F13}.Release|x64.Build.0 = Release|Any CPU
		{79834263-6A5D-4858-96FC-3E98942C0F13}.Release|x86.ActiveCfg = Release|Any CPU
		{79834263-6A5D-4858-96FC-3E98942C0F13}.Release|x86.Build.0 = Release|Any CPU
	EndGlobalSection
EndGlobal
